
Microsoft Visual Studio Solution File, Format Version 12.00
# Visual Studio Version 16
VisualStudioVersion = 16.0.31205.134
MinimumVisualStudioVersion = 10.0.40219.1
Project("{8BC9CEB8-8B4A-11D0-8D11-00A0C91BC942}") = "Login", "Login\Login.vcxproj", "{473C2954-37C1-478B-83F9-A0038DACB606}"
EndProject
Global
	GlobalSection(SolutionConfigurationPlatforms) = preSolution
		Debug|x64 = Debug|x64
		Debug|x86 = Debug|x86
		Release|x64 = Release|x64
		Release|x86 = Release|x86
	EndGlobalSection
	GlobalSection(ProjectConfigurationPlatforms) = postSolution
		{473C2954-37C1-478B-83F9-A0038DACB606}.Debug|x64.ActiveCfg = Debug|x64
		{473C2954-37C1-478B-83F9-A0038DACB606}.Debug|x64.Build.0 = Debug|x64
		{473C2954-37C1-478B-83F9-A0038DACB606}.Debug|x86.ActiveCfg = Debug|Win32
		{473C2954-37C1-478B-83F9-A0038DACB606}.Debug|x86.Build.0 = Debug|Win32
		{473C2954-37C1-478B-83F9-A0038DACB606}.Release|x64.ActiveCfg = Release|x64
		{473C2954-37C1-478B-83F9-A0038DACB606}.Release|x64.Build.0 = Release|x64
		{473C2954-37C1-478B-83F9-A0038DACB606}.Release|x86.ActiveCfg = Release|Win32
		{473C2954-37C1-478B-83F9-A0038DACB606}.Release|x86.Build.0 = Release|Win32
	EndGlobalSection
	GlobalSection(SolutionProperties) = preSolution
		HideSolutionNode = FALSE
	EndGlobalSection
	GlobalSection(ExtensibilityGlobals) = postSolution
		SolutionGuid = {54893888-6CE4-44E6-8674-BFE072EF18A4}
	EndGlobalSection
EndGlobal
